
Microsoft Visual Studio Solution File, Format Version 12.00
# Visual Studio Version 17
VisualStudioVersion = 17.4.33110.190
MinimumVisualStudioVersion = 10.0.40219.1
Project("{9A19103F-16F7-4668-BE54-9A1E7A4F7556}") = "VerifyAttendanceCSV", "VerifyAttendanceCSV\VerifyAttendanceCSV.csproj", "{E5F12913-1124-44F6-A68F-7EFACD7DEF82}"
EndProject
Project("{2150E333-8FDC-42A3-9474-1A3956D46DE8}") = "Domain", "Domain", "{A4F95C76-45DC-4CDB-816E-DFC05648154F}"
EndProject
Project("{2150E333-8FDC-42A3-9474-1A3956D46DE8}") = "Infrastructure", "Infrastructure", "{CA9E2383-0E27-4018-9723-183AC5FC2F18}"
EndProject
Project("{2150E333-8FDC-42A3-9474-1A3956D46DE8}") = "Presentation", "Presentation", "{98097411-AAF1-4A6A-95E5-13A406718B98}"
EndProject
Project("{2150E333-8FDC-42A3-9474-1A3956D46DE8}") = "UseCase", "UseCase", "{F09417BC-393B-4DF0-9DE4-02604E8136E4}"
EndProject
Project("{9A19103F-16F7-4668-BE54-9A1E7A4F7556}") = "Wada.AttendanceTableService", "Wada.AttendanceTableService\Wada.AttendanceTableService.csproj", "{0A29018A-1370-4F06-988E-E47D2CBE3384}"
EndProject
Project("{9A19103F-16F7-4668-BE54-9A1E7A4F7556}") = "Wada.AttendanceTableServiceTests", "Wada.AttendanceTableServiceTests\Wada.AttendanceTableServiceTests.csproj", "{1EF00D80-344A-4387-8E6E-627933AF3F65}"
EndProject
Project("{9A19103F-16F7-4668-BE54-9A1E7A4F7556}") = "Wada.AttendanceSpreadSheet", "Wada.AttendanceSpreadSheet\Wada.AttendanceSpreadSheet.csproj", "{C960B579-3A20-4411-A0D0-55FDBBA05734}"
EndProject
Project("{9A19103F-16F7-4668-BE54-9A1E7A4F7556}") = "Wada.AttendanceSpreadSheetTests", "Wada.AttendanceSpreadSheetTests\Wada.AttendanceSpreadSheetTests.csproj", "{8D61C5E9-8323-4023-8388-8147AE5069F4}"
EndProject
Project("{9A19103F-16F7-4668-BE54-9A1E7A4F7556}") = "Wada.AttendanceCSV", "Wada.AttendanceCSV\Wada.AttendanceCSV.csproj", "{F8C0B4C3-2769-4A8F-8E74-A5BE6811CA83}"
EndProject
Project("{9A19103F-16F7-4668-BE54-9A1E7A4F7556}") = "DetermineDifferenceApplication", "DetermineDifferenceApplication\DetermineDifferenceApplication.csproj", "{CEF632F3-95F2-48A2-9436-3387E0A8F050}"
EndProject
Project("{9A19103F-16F7-4668-BE54-9A1E7A4F7556}") = "Wada.AttendanceCSVTests", "Wada.AttendanceCSVTests\Wada.AttendanceCSVTests.csproj", "{D3B284C4-5E49-4109-AC02-3440FC9B7A1F}"
EndProject
Project("{9A19103F-16F7-4668-BE54-9A1E7A4F7556}") = "RegisterOwnCompanyCalendarApplication", "RegisterOwnCompanyCalendarApplication\RegisterOwnCompanyCalendarApplication.csproj", "{9297CA21-4E57-44E1-888E-CAB442E855CB}"
EndProject
Project("{9A19103F-16F7-4668-BE54-9A1E7A4F7556}") = "Wada.OrderDataBase", "Wada.OrderDataBase\Wada.OrderDataBase.csproj", "{6BF1F728-FD19-48D9-9E28-1BEE4BF2D2DB}"
EndProject
Project("{FAE04EC0-301F-11D3-BF4B-00C04F79EFBC}") = "Wada.OrderDataBaseTests", "Wada.OrderDataBaseTests\Wada.OrderDataBaseTests.csproj", "{05ADE978-38DC-4EBC-BEF3-970291F06414}"
EndProject
Global
	GlobalSection(SolutionConfigurationPlatforms) = preSolution
		Debug|Any CPU = Debug|Any CPU
		Release|Any CPU = Release|Any CPU
	EndGlobalSection
	GlobalSection(ProjectConfigurationPlatforms) = postSolution
		{E5F12913-1124-44F6-A68F-7EFACD7DEF82}.Debug|Any CPU.ActiveCfg = Debug|Any CPU
		{E5F12913-1124-44F6-A68F-7EFACD7DEF82}.Debug|Any CPU.Build.0 = Debug|Any CPU
		{E5F12913-1124-44F6-A68F-7EFACD7DEF82}.Release|Any CPU.ActiveCfg = Release|Any CPU
		{E5F12913-1124-44F6-A68F-7EFACD7DEF82}.Release|Any CPU.Build.0 = Release|Any CPU
		{0A29018A-1370-4F06-988E-E47D2CBE3384}.Debug|Any CPU.ActiveCfg = Debug|Any CPU
		{0A29018A-1370-4F06-988E-E47D2CBE3384}.Debug|Any CPU.Build.0 = Debug|Any CPU
		{0A29018A-1370-4F06-988E-E47D2CBE3384}.Release|Any CPU.ActiveCfg = Release|Any CPU
		{0A29018A-1370-4F06-988E-E47D2CBE3384}.Release|Any CPU.Build.0 = Release|Any CPU
		{1EF00D80-344A-4387-8E6E-627933AF3F65}.Debug|Any CPU.ActiveCfg = Debug|Any CPU
		{1EF00D80-344A-4387-8E6E-627933AF3F65}.Debug|Any CPU.Build.0 = Debug|Any CPU
		{1EF00D80-344A-4387-8E6E-627933AF3F65}.Release|Any CPU.ActiveCfg = Release|Any CPU
		{1EF00D80-344A-4387-8E6E-627933AF3F65}.Release|Any CPU.Build.0 = Release|Any CPU
		{C960B579-3A20-4411-A0D0-55FDBBA05734}.Debug|Any CPU.ActiveCfg = Debug|Any CPU
		{C960B579-3A20-4411-A0D0-55FDBBA05734}.Debug|Any CPU.Build.0 = Debug|Any CPU
		{C960B579-3A20-4411-A0D0-55FDBBA05734}.Release|Any CPU.ActiveCfg = Release|Any CPU
		{C960B579-3A20-4411-A0D0-55FDBBA05734}.Release|Any CPU.Build.0 = Release|Any CPU
		{8D61C5E9-8323-4023-8388-8147AE5069F4}.Debug|Any CPU.ActiveCfg = Debug|Any CPU
		{8D61C5E9-8323-4023-8388-8147AE5069F4}.Debug|Any CPU.Build.0 = Debug|Any CPU
		{8D61C5E9-8323-4023-8388-8147AE5069F4}.Release|Any CPU.ActiveCfg = Release|Any CPU
		{8D61C5E9-8323-4023-8388-8147AE5069F4}.Release|Any CPU.Build.0 = Release|Any CPU
		{F8C0B4C3-2769-4A8F-8E74-A5BE6811CA83}.Debug|Any CPU.ActiveCfg = Debug|Any CPU
		{F8C0B4C3-2769-4A8F-8E74-A5BE6811CA83}.Debug|Any CPU.Build.0 = Debug|Any CPU
		{F8C0B4C3-2769-4A8F-8E74-A5BE6811CA83}.Release|Any CPU.ActiveCfg = Release|Any CPU
		{F8C0B4C3-2769-4A8F-8E74-A5BE6811CA83}.Release|Any CPU.Build.0 = Release|Any CPU
		{CEF632F3-95F2-48A2-9436-3387E0A8F050}.Debug|Any CPU.ActiveCfg = Debug|Any CPU
		{CEF632F3-95F2-48A2-9436-3387E0A8F050}.Debug|Any CPU.Build.0 = Debug|Any CPU
		{CEF632F3-95F2-48A2-9436-3387E0A8F050}.Release|Any CPU.ActiveCfg = Release|Any CPU
		{CEF632F3-95F2-48A2-9436-3387E0A8F050}.Release|Any CPU.Build.0 = Release|Any CPU
		{D3B284C4-5E49-4109-AC02-3440FC9B7A1F}.Debug|Any CPU.ActiveCfg = Debug|Any CPU
		{D3B284C4-5E49-4109-AC02-3440FC9B7A1F}.Debug|Any CPU.Build.0 = Debug|Any CPU
		{D3B284C4-5E49-4109-AC02-3440FC9B7A1F}.Release|Any CPU.ActiveCfg = Release|Any CPU
		{D3B284C4-5E49-4109-AC02-3440FC9B7A1F}.Release|Any CPU.Build.0 = Release|Any CPU
		{9297CA21-4E57-44E1-888E-CAB442E855CB}.Debug|Any CPU.ActiveCfg = Debug|Any CPU
		{9297CA21-4E57-44E1-888E-CAB442E855CB}.Debug|Any CPU.Build.0 = Debug|Any CPU
		{9297CA21-4E57-44E1-888E-CAB442E855CB}.Release|Any CPU.ActiveCfg = Release|Any CPU
		{9297CA21-4E57-44E1-888E-CAB442E855CB}.Release|Any CPU.Build.0 = Release|Any CPU
		{6BF1F728-FD19-48D9-9E28-1BEE4BF2D2DB}.Debug|Any CPU.ActiveCfg = Debug|Any CPU
		{6BF1F728-FD19-48D9-9E28-1BEE4BF2D2DB}.Debug|Any CPU.Build.0 = Debug|Any CPU
		{6BF1F728-FD19-48D9-9E28-1BEE4BF2D2DB}.Release|Any CPU.ActiveCfg = Release|Any CPU
		{6BF1F728-FD19-48D9-9E28-1BEE4BF2D2DB}.Release|Any CPU.Build.0 = Release|Any CPU
		{05ADE978-38DC-4EBC-BEF3-970291F06414}.Debug|Any CPU.ActiveCfg = Debug|Any CPU
		{05ADE978-38DC-4EBC-BEF3-970291F06414}.Debug|Any CPU.Build.0 = Debug|Any CPU
		{05ADE978-38DC-4EBC-BEF3-970291F06414}.Release|Any CPU.ActiveCfg = Release|Any CPU
		{05ADE978-38DC-4EBC-BEF3-970291F06414}.Release|Any CPU.Build.0 = Release|Any CPU
	EndGlobalSection
	GlobalSection(SolutionProperties) = preSolution
		HideSolutionNode = FALSE
	EndGlobalSection
	GlobalSection(NestedProjects) = preSolution
		{0A29018A-1370-4F06-988E-E47D2CBE3384} = {A4F95C76-45DC-4CDB-816E-DFC05648154F}
		{1EF00D80-344A-4387-8E6E-627933AF3F65} = {A4F95C76-45DC-4CDB-816E-DFC05648154F}
		{C960B579-3A20-4411-A0D0-55FDBBA05734} = {CA9E2383-0E27-4018-9723-183AC5FC2F18}
		{8D61C5E9-8323-4023-8388-8147AE5069F4} = {CA9E2383-0E27-4018-9723-183AC5FC2F18}
		{F8C0B4C3-2769-4A8F-8E74-A5BE6811CA83} = {CA9E2383-0E27-4018-9723-183AC5FC2F18}
		{CEF632F3-95F2-48A2-9436-3387E0A8F050} = {F09417BC-393B-4DF0-9DE4-02604E8136E4}
		{D3B284C4-5E49-4109-AC02-3440FC9B7A1F} = {CA9E2383-0E27-4018-9723-183AC5FC2F18}
		{9297CA21-4E57-44E1-888E-CAB442E855CB} = {F09417BC-393B-4DF0-9DE4-02604E8136E4}
		{6BF1F728-FD19-48D9-9E28-1BEE4BF2D2DB} = {CA9E2383-0E27-4018-9723-183AC5FC2F18}
		{05ADE978-38DC-4EBC-BEF3-970291F06414} = {CA9E2383-0E27-4018-9723-183AC5FC2F18}
	EndGlobalSection
	GlobalSection(ExtensibilityGlobals) = postSolution
		SolutionGuid = {A6BBC0BD-A5F6-44C4-B7A6-7FAD6289890C}
	EndGlobalSection
EndGlobal
