
Microsoft Visual Studio Solution File, Format Version 12.00
# Visual Studio Version 17
VisualStudioVersion = 17.4.33110.190
MinimumVisualStudioVersion = 10.0.40219.1
Project("{9A19103F-16F7-4668-BE54-9A1E7A4F7556}") = "VerifyAttendanceCSV", "VerifyAttendanceCSV\VerifyAttendanceCSV.csproj", "{E5F12913-1124-44F6-A68F-7EFACD7DEF82}"
EndProject
Project("{2150E333-8FDC-42A3-9474-1A3956D46DE8}") = "Domain", "Domain", "{A4F95C76-45DC-4CDB-816E-DFC05648154F}"
EndProject
Project("{2150E333-8FDC-42A3-9474-1A3956D46DE8}") = "Infrastructure", "Infrastructure", "{CA9E2383-0E27-4018-9723-183AC5FC2F18}"
EndProject
Project("{2150E333-8FDC-42A3-9474-1A3956D46DE8}") = "Presentation", "Presentation", "{98097411-AAF1-4A6A-95E5-13A406718B98}"
EndProject
Project("{2150E333-8FDC-42A3-9474-1A3956D46DE8}") = "UseCase", "UseCase", "{F09417BC-393B-4DF0-9DE4-02604E8136E4}"
EndProject
Project("{9A19103F-16F7-4668-BE54-9A1E7A4F7556}") = "Wada.AttendanceTableService", "Wada.AttendanceTableService\Wada.AttendanceTableService.csproj", "{0A29018A-1370-4F06-988E-E47D2CBE3384}"
EndProject
Project("{9A19103F-16F7-4668-BE54-9A1E7A4F7556}") = "Wada.AttendanceTableServiceTests", "Wada.AttendanceTableServiceTests\Wada.AttendanceTableServiceTests.csproj", "{1EF00D80-344A-4387-8E6E-627933AF3F65}"
EndProject
Project("{9A19103F-16F7-4668-BE54-9A1E7A4F7556}") = "Wada.AttendanceSpreadSheet", "Wada.AttendanceSpreadSheet\Wada.AttendanceSpreadSheet.csproj", "{C960B579-3A20-4411-A0D0-55FDBBA05734}"
EndProject
Project("{9A19103F-16F7-4668-BE54-9A1E7A4F7556}") = "Wada.AttendanceSpreadSheetTests", "Wada.AttendanceSpreadSheetTests\Wada.AttendanceSpreadSheetTests.csproj", "{8D61C5E9-8323-4023-8388-8147AE5069F4}"
EndProject
Project("{9A19103F-16F7-4668-BE54-9A1E7A4F7556}") = "Wada.AttendanceCsv", "Wada.AttendanceCsv\Wada.AttendanceCsv.csproj", "{F8C0B4C3-2769-4A8F-8E74-A5BE6811CA83}"
EndProject
Project("{9A19103F-16F7-4668-BE54-9A1E7A4F7556}") = "Wada.DetermineDifferenceApplication", "Wada.DetermineDifferenceApplication\Wada.DetermineDifferenceApplication.csproj", "{CEF632F3-95F2-48A2-9436-3387E0A8F050}"
EndProject
Project("{9A19103F-16F7-4668-BE54-9A1E7A4F7556}") = "Wada.AttendanceCsvTests", "Wada.AttendanceCsvTests\Wada.AttendanceCsvTests.csproj", "{D3B284C4-5E49-4109-AC02-3440FC9B7A1F}"
EndProject
Project("{9A19103F-16F7-4668-BE54-9A1E7A4F7556}") = "Wada.RegisterEmployeeNumberTableApplication", "Wada.RegisterEmployeeNumberTableApplication\Wada.RegisterEmployeeNumberTableApplication.csproj", "{EFADF3B0-F50A-4546-A591-44CCB417A72D}"
EndProject
Project("{9A19103F-16F7-4668-BE54-9A1E7A4F7556}") = "Wada.DetermineDifferenceApplicationTests", "Wada.DetermineDifferenceApplicationTests\Wada.DetermineDifferenceApplicationTests.csproj", "{23B60C52-7336-4F6D-A54F-8158D50A60D3}"
EndProject
Project("{9A19103F-16F7-4668-BE54-9A1E7A4F7556}") = "Wada.VerifyAttendanceCSV", "Wada.VerifyAttendanceCSV\Wada.VerifyAttendanceCSV.csproj", "{77089DAF-B8D3-43C3-BDF6-F3022B104860}"
EndProject
Project("{9A19103F-16F7-4668-BE54-9A1E7A4F7556}") = "Wada.RegisterOwnCompanyHolidayApplicationTests", "Wada.RegisterOwnCompanyHolidayApplicationTests\Wada.RegisterOwnCompanyHolidayApplicationTests.csproj", "{0C3A686D-B6CB-4C38-878C-D93F0EEEE727}"
EndProject
Project("{2150E333-8FDC-42A3-9474-1A3956D46DE8}") = "AOP", "AOP", "{85DB9661-AB4B-4840-BC9A-A6E7E18FC217}"
EndProject
Project("{9A19103F-16F7-4668-BE54-9A1E7A4F7556}") = "Wada.AOP.Logging", "Wada.AOP.Logging\Wada.AOP.Logging.csproj", "{383B072D-7C1C-4BC8-AD7A-D7A2D1B01E9B}"
EndProject
Project("{9A19103F-16F7-4668-BE54-9A1E7A4F7556}") = "Wada.RegisterOwnCompanyHolidayApplication", "Wada.RegisterOwnCompanyHolidayApplication\Wada.RegisterOwnCompanyHolidayApplication.csproj", "{34F6C779-D57B-41BB-9642-6E24FDBC726F}"
EndProject
Project("{9A19103F-16F7-4668-BE54-9A1E7A4F7556}") = "Wada.IO", "Wada.IO\Wada.IO.csproj", "{547CCCBE-2A5F-4F75-923D-0113A0A71C8D}"
EndProject
Project("{9A19103F-16F7-4668-BE54-9A1E7A4F7556}") = "Wada.IOTests", "Wada.IOTests\Wada.IOTests.csproj", "{9DEF6273-BBF3-42F3-8875-15537E063070}"
EndProject
Project("{9A19103F-16F7-4668-BE54-9A1E7A4F7556}") = "Wada.MatchedEmployeeNumberSpreadSheet", "Wada.MatchedEmployeeNumberSpreadSheet\Wada.MatchedEmployeeNumberSpreadSheet.csproj", "{AABCF799-353A-40FD-9A67-B4052303AA2C}"
EndProject
Project("{9A19103F-16F7-4668-BE54-9A1E7A4F7556}") = "Wada.MatchedEmployeeNumberSpreadSheetTests", "Wada.MatchedEmployeeNumberSpreadSheetTests\Wada.MatchedEmployeeNumberSpreadSheetTests.csproj", "{8B888DF2-D543-4077-9502-AEB586E8A571}"
EndProject
Project("{9A19103F-16F7-4668-BE54-9A1E7A4F7556}") = "Wada.RegisterEmployeeNumberTableApplicationTests", "Wada.RegisterEmployeeNumberTableApplicationTests\Wada.RegisterEmployeeNumberTableApplicationTests.csproj", "{02568EA2-88E6-4707-A4FC-300ED743A6B2}"
EndProject
Project("{9A19103F-16F7-4668-BE54-9A1E7A4F7556}") = "Wada.OwnCompanyHolidaySpreadSheet", "Wada.OwnCompanyHolidaySpreadSheet\Wada.OwnCompanyHolidaySpreadSheet.csproj", "{6BDA3973-F9B3-455E-88E8-5C6506CDADA6}"
EndProject
Project("{9A19103F-16F7-4668-BE54-9A1E7A4F7556}") = "Wada.OwnCompanyHolidaySpreadSheetTests", "Wada.OwnCompanyHolidaySpreadSheetTests\Wada.OwnCompanyHolidaySpreadSheetTests.csproj", "{7586A90F-8732-4A4B-873B-78780787BC94}"
EndProject
Project("{9A19103F-16F7-4668-BE54-9A1E7A4F7556}") = "Wada.StoreApplicationConfiguration", "Wada.StoreApplicationConfiguration\Wada.StoreApplicationConfiguration.csproj", "{6A54C5E7-640B-4366-8624-4041C3B365EE}"
EndProject
Project("{9A19103F-16F7-4668-BE54-9A1E7A4F7556}") = "Wada.StoreSelectedXlsxDirectoriesApplication", "Wada.StoreSelectedXlsxDirectoriesApplication\Wada.StoreSelectedXlsxDirectoriesApplication.csproj", "{A70CC72B-93A1-4C8F-9A76-739CDA922F89}"
EndProject
Project("{9A19103F-16F7-4668-BE54-9A1E7A4F7556}") = "Wada.StoreApplicationConfigurationTests", "Wada.StoreApplicationConfigurationTests\Wada.StoreApplicationConfigurationTests.csproj", "{22CD08DE-C757-4C32-A690-63B919CC57FE}"
EndProject
Project("{FAE04EC0-301F-11D3-BF4B-00C04F79EFBC}") = "Wada.Data.OrderManagement", "Wada.Data.OrderManagement\Wada.Data.OrderManagement.csproj", "{ECC2ACAF-B9F6-4445-93F2-8D49C6EAE3DE}"
EndProject
Project("{FAE04EC0-301F-11D3-BF4B-00C04F79EFBC}") = "Wada.Data.DesignDepartmentDataBase", "Wada.Data.DesignDepartmentDataBase\Wada.Data.DesignDepartmentDataBase.csproj", "{4AAD7ABE-FAF0-4D85-9503-C74F226F5C0C}"
EndProject
Global
	GlobalSection(SolutionConfigurationPlatforms) = preSolution
		Debug|Any CPU = Debug|Any CPU
		Release|Any CPU = Release|Any CPU
	EndGlobalSection
	GlobalSection(ProjectConfigurationPlatforms) = postSolution
		{E5F12913-1124-44F6-A68F-7EFACD7DEF82}.Debug|Any CPU.ActiveCfg = Debug|Any CPU
		{E5F12913-1124-44F6-A68F-7EFACD7DEF82}.Debug|Any CPU.Build.0 = Debug|Any CPU
		{E5F12913-1124-44F6-A68F-7EFACD7DEF82}.Release|Any CPU.ActiveCfg = Release|Any CPU
		{E5F12913-1124-44F6-A68F-7EFACD7DEF82}.Release|Any CPU.Build.0 = Release|Any CPU
		{0A29018A-1370-4F06-988E-E47D2CBE3384}.Debug|Any CPU.ActiveCfg = Debug|Any CPU
		{0A29018A-1370-4F06-988E-E47D2CBE3384}.Debug|Any CPU.Build.0 = Debug|Any CPU
		{0A29018A-1370-4F06-988E-E47D2CBE3384}.Release|Any CPU.ActiveCfg = Release|Any CPU
		{0A29018A-1370-4F06-988E-E47D2CBE3384}.Release|Any CPU.Build.0 = Release|Any CPU
		{1EF00D80-344A-4387-8E6E-627933AF3F65}.Debug|Any CPU.ActiveCfg = Debug|Any CPU
		{1EF00D80-344A-4387-8E6E-627933AF3F65}.Debug|Any CPU.Build.0 = Debug|Any CPU
		{1EF00D80-344A-4387-8E6E-627933AF3F65}.Release|Any CPU.ActiveCfg = Release|Any CPU
		{1EF00D80-344A-4387-8E6E-627933AF3F65}.Release|Any CPU.Build.0 = Release|Any CPU
		{C960B579-3A20-4411-A0D0-55FDBBA05734}.Debug|Any CPU.ActiveCfg = Debug|Any CPU
		{C960B579-3A20-4411-A0D0-55FDBBA05734}.Debug|Any CPU.Build.0 = Debug|Any CPU
		{C960B579-3A20-4411-A0D0-55FDBBA05734}.Release|Any CPU.ActiveCfg = Release|Any CPU
		{C960B579-3A20-4411-A0D0-55FDBBA05734}.Release|Any CPU.Build.0 = Release|Any CPU
		{8D61C5E9-8323-4023-8388-8147AE5069F4}.Debug|Any CPU.ActiveCfg = Debug|Any CPU
		{8D61C5E9-8323-4023-8388-8147AE5069F4}.Debug|Any CPU.Build.0 = Debug|Any CPU
		{8D61C5E9-8323-4023-8388-8147AE5069F4}.Release|Any CPU.ActiveCfg = Release|Any CPU
		{8D61C5E9-8323-4023-8388-8147AE5069F4}.Release|Any CPU.Build.0 = Release|Any CPU
		{F8C0B4C3-2769-4A8F-8E74-A5BE6811CA83}.Debug|Any CPU.ActiveCfg = Debug|Any CPU
		{F8C0B4C3-2769-4A8F-8E74-A5BE6811CA83}.Debug|Any CPU.Build.0 = Debug|Any CPU
		{F8C0B4C3-2769-4A8F-8E74-A5BE6811CA83}.Release|Any CPU.ActiveCfg = Release|Any CPU
		{F8C0B4C3-2769-4A8F-8E74-A5BE6811CA83}.Release|Any CPU.Build.0 = Release|Any CPU
		{CEF632F3-95F2-48A2-9436-3387E0A8F050}.Debug|Any CPU.ActiveCfg = Debug|Any CPU
		{CEF632F3-95F2-48A2-9436-3387E0A8F050}.Debug|Any CPU.Build.0 = Debug|Any CPU
		{CEF632F3-95F2-48A2-9436-3387E0A8F050}.Release|Any CPU.ActiveCfg = Release|Any CPU
		{CEF632F3-95F2-48A2-9436-3387E0A8F050}.Release|Any CPU.Build.0 = Release|Any CPU
		{D3B284C4-5E49-4109-AC02-3440FC9B7A1F}.Debug|Any CPU.ActiveCfg = Debug|Any CPU
		{D3B284C4-5E49-4109-AC02-3440FC9B7A1F}.Debug|Any CPU.Build.0 = Debug|Any CPU
		{D3B284C4-5E49-4109-AC02-3440FC9B7A1F}.Release|Any CPU.ActiveCfg = Release|Any CPU
		{D3B284C4-5E49-4109-AC02-3440FC9B7A1F}.Release|Any CPU.Build.0 = Release|Any CPU
		{EFADF3B0-F50A-4546-A591-44CCB417A72D}.Debug|Any CPU.ActiveCfg = Debug|Any CPU
		{EFADF3B0-F50A-4546-A591-44CCB417A72D}.Debug|Any CPU.Build.0 = Debug|Any CPU
		{EFADF3B0-F50A-4546-A591-44CCB417A72D}.Release|Any CPU.ActiveCfg = Release|Any CPU
		{EFADF3B0-F50A-4546-A591-44CCB417A72D}.Release|Any CPU.Build.0 = Release|Any CPU
		{23B60C52-7336-4F6D-A54F-8158D50A60D3}.Debug|Any CPU.ActiveCfg = Debug|Any CPU
		{23B60C52-7336-4F6D-A54F-8158D50A60D3}.Debug|Any CPU.Build.0 = Debug|Any CPU
		{23B60C52-7336-4F6D-A54F-8158D50A60D3}.Release|Any CPU.ActiveCfg = Release|Any CPU
		{23B60C52-7336-4F6D-A54F-8158D50A60D3}.Release|Any CPU.Build.0 = Release|Any CPU
		{77089DAF-B8D3-43C3-BDF6-F3022B104860}.Debug|Any CPU.ActiveCfg = Debug|Any CPU
		{77089DAF-B8D3-43C3-BDF6-F3022B104860}.Debug|Any CPU.Build.0 = Debug|Any CPU
		{77089DAF-B8D3-43C3-BDF6-F3022B104860}.Release|Any CPU.ActiveCfg = Release|Any CPU
		{77089DAF-B8D3-43C3-BDF6-F3022B104860}.Release|Any CPU.Build.0 = Release|Any CPU
		{0C3A686D-B6CB-4C38-878C-D93F0EEEE727}.Debug|Any CPU.ActiveCfg = Debug|Any CPU
		{0C3A686D-B6CB-4C38-878C-D93F0EEEE727}.Debug|Any CPU.Build.0 = Debug|Any CPU
		{0C3A686D-B6CB-4C38-878C-D93F0EEEE727}.Release|Any CPU.ActiveCfg = Release|Any CPU
		{0C3A686D-B6CB-4C38-878C-D93F0EEEE727}.Release|Any CPU.Build.0 = Release|Any CPU
		{383B072D-7C1C-4BC8-AD7A-D7A2D1B01E9B}.Debug|Any CPU.ActiveCfg = Debug|Any CPU
		{383B072D-7C1C-4BC8-AD7A-D7A2D1B01E9B}.Debug|Any CPU.Build.0 = Debug|Any CPU
		{383B072D-7C1C-4BC8-AD7A-D7A2D1B01E9B}.Release|Any CPU.ActiveCfg = Release|Any CPU
		{383B072D-7C1C-4BC8-AD7A-D7A2D1B01E9B}.Release|Any CPU.Build.0 = Release|Any CPU
		{34F6C779-D57B-41BB-9642-6E24FDBC726F}.Debug|Any CPU.ActiveCfg = Debug|Any CPU
		{34F6C779-D57B-41BB-9642-6E24FDBC726F}.Debug|Any CPU.Build.0 = Debug|Any CPU
		{34F6C779-D57B-41BB-9642-6E24FDBC726F}.Release|Any CPU.ActiveCfg = Release|Any CPU
		{34F6C779-D57B-41BB-9642-6E24FDBC726F}.Release|Any CPU.Build.0 = Release|Any CPU
		{547CCCBE-2A5F-4F75-923D-0113A0A71C8D}.Debug|Any CPU.ActiveCfg = Debug|Any CPU
		{547CCCBE-2A5F-4F75-923D-0113A0A71C8D}.Debug|Any CPU.Build.0 = Debug|Any CPU
		{547CCCBE-2A5F-4F75-923D-0113A0A71C8D}.Release|Any CPU.ActiveCfg = Release|Any CPU
		{547CCCBE-2A5F-4F75-923D-0113A0A71C8D}.Release|Any CPU.Build.0 = Release|Any CPU
		{9DEF6273-BBF3-42F3-8875-15537E063070}.Debug|Any CPU.ActiveCfg = Debug|Any CPU
		{9DEF6273-BBF3-42F3-8875-15537E063070}.Debug|Any CPU.Build.0 = Debug|Any CPU
		{9DEF6273-BBF3-42F3-8875-15537E063070}.Release|Any CPU.ActiveCfg = Release|Any CPU
		{9DEF6273-BBF3-42F3-8875-15537E063070}.Release|Any CPU.Build.0 = Release|Any CPU
		{AABCF799-353A-40FD-9A67-B4052303AA2C}.Debug|Any CPU.ActiveCfg = Debug|Any CPU
		{AABCF799-353A-40FD-9A67-B4052303AA2C}.Debug|Any CPU.Build.0 = Debug|Any CPU
		{AABCF799-353A-40FD-9A67-B4052303AA2C}.Release|Any CPU.ActiveCfg = Release|Any CPU
		{AABCF799-353A-40FD-9A67-B4052303AA2C}.Release|Any CPU.Build.0 = Release|Any CPU
		{8B888DF2-D543-4077-9502-AEB586E8A571}.Debug|Any CPU.ActiveCfg = Debug|Any CPU
		{8B888DF2-D543-4077-9502-AEB586E8A571}.Debug|Any CPU.Build.0 = Debug|Any CPU
		{8B888DF2-D543-4077-9502-AEB586E8A571}.Release|Any CPU.ActiveCfg = Release|Any CPU
		{8B888DF2-D543-4077-9502-AEB586E8A571}.Release|Any CPU.Build.0 = Release|Any CPU
		{02568EA2-88E6-4707-A4FC-300ED743A6B2}.Debug|Any CPU.ActiveCfg = Debug|Any CPU
		{02568EA2-88E6-4707-A4FC-300ED743A6B2}.Debug|Any CPU.Build.0 = Debug|Any CPU
		{02568EA2-88E6-4707-A4FC-300ED743A6B2}.Release|Any CPU.ActiveCfg = Release|Any CPU
		{02568EA2-88E6-4707-A4FC-300ED743A6B2}.Release|Any CPU.Build.0 = Release|Any CPU
		{6BDA3973-F9B3-455E-88E8-5C6506CDADA6}.Debug|Any CPU.ActiveCfg = Debug|Any CPU
		{6BDA3973-F9B3-455E-88E8-5C6506CDADA6}.Debug|Any CPU.Build.0 = Debug|Any CPU
		{6BDA3973-F9B3-455E-88E8-5C6506CDADA6}.Release|Any CPU.ActiveCfg = Release|Any CPU
		{6BDA3973-F9B3-455E-88E8-5C6506CDADA6}.Release|Any CPU.Build.0 = Release|Any CPU
		{7586A90F-8732-4A4B-873B-78780787BC94}.Debug|Any CPU.ActiveCfg = Debug|Any CPU
		{7586A90F-8732-4A4B-873B-78780787BC94}.Debug|Any CPU.Build.0 = Debug|Any CPU
		{7586A90F-8732-4A4B-873B-78780787BC94}.Release|Any CPU.ActiveCfg = Release|Any CPU
		{7586A90F-8732-4A4B-873B-78780787BC94}.Release|Any CPU.Build.0 = Release|Any CPU
		{6A54C5E7-640B-4366-8624-4041C3B365EE}.Debug|Any CPU.ActiveCfg = Debug|Any CPU
		{6A54C5E7-640B-4366-8624-4041C3B365EE}.Debug|Any CPU.Build.0 = Debug|Any CPU
		{6A54C5E7-640B-4366-8624-4041C3B365EE}.Release|Any CPU.ActiveCfg = Release|Any CPU
		{6A54C5E7-640B-4366-8624-4041C3B365EE}.Release|Any CPU.Build.0 = Release|Any CPU
		{A70CC72B-93A1-4C8F-9A76-739CDA922F89}.Debug|Any CPU.ActiveCfg = Debug|Any CPU
		{A70CC72B-93A1-4C8F-9A76-739CDA922F89}.Debug|Any CPU.Build.0 = Debug|Any CPU
		{A70CC72B-93A1-4C8F-9A76-739CDA922F89}.Release|Any CPU.ActiveCfg = Release|Any CPU
		{A70CC72B-93A1-4C8F-9A76-739CDA922F89}.Release|Any CPU.Build.0 = Release|Any CPU
		{22CD08DE-C757-4C32-A690-63B919CC57FE}.Debug|Any CPU.ActiveCfg = Debug|Any CPU
		{22CD08DE-C757-4C32-A690-63B919CC57FE}.Debug|Any CPU.Build.0 = Debug|Any CPU
		{22CD08DE-C757-4C32-A690-63B919CC57FE}.Release|Any CPU.ActiveCfg = Release|Any CPU
		{22CD08DE-C757-4C32-A690-63B919CC57FE}.Release|Any CPU.Build.0 = Release|Any CPU
		{ECC2ACAF-B9F6-4445-93F2-8D49C6EAE3DE}.Debug|Any CPU.ActiveCfg = Debug|Any CPU
		{ECC2ACAF-B9F6-4445-93F2-8D49C6EAE3DE}.Debug|Any CPU.Build.0 = Debug|Any CPU
		{ECC2ACAF-B9F6-4445-93F2-8D49C6EAE3DE}.Release|Any CPU.ActiveCfg = Release|Any CPU
		{ECC2ACAF-B9F6-4445-93F2-8D49C6EAE3DE}.Release|Any CPU.Build.0 = Release|Any CPU
		{4AAD7ABE-FAF0-4D85-9503-C74F226F5C0C}.Debug|Any CPU.ActiveCfg = Debug|Any CPU
		{4AAD7ABE-FAF0-4D85-9503-C74F226F5C0C}.Debug|Any CPU.Build.0 = Debug|Any CPU
		{4AAD7ABE-FAF0-4D85-9503-C74F226F5C0C}.Release|Any CPU.ActiveCfg = Release|Any CPU
		{4AAD7ABE-FAF0-4D85-9503-C74F226F5C0C}.Release|Any CPU.Build.0 = Release|Any CPU
	EndGlobalSection
	GlobalSection(SolutionProperties) = preSolution
		HideSolutionNode = FALSE
	EndGlobalSection
	GlobalSection(NestedProjects) = preSolution
		{0A29018A-1370-4F06-988E-E47D2CBE3384} = {A4F95C76-45DC-4CDB-816E-DFC05648154F}
		{1EF00D80-344A-4387-8E6E-627933AF3F65} = {A4F95C76-45DC-4CDB-816E-DFC05648154F}
		{C960B579-3A20-4411-A0D0-55FDBBA05734} = {CA9E2383-0E27-4018-9723-183AC5FC2F18}
		{8D61C5E9-8323-4023-8388-8147AE5069F4} = {CA9E2383-0E27-4018-9723-183AC5FC2F18}
		{F8C0B4C3-2769-4A8F-8E74-A5BE6811CA83} = {CA9E2383-0E27-4018-9723-183AC5FC2F18}
		{CEF632F3-95F2-48A2-9436-3387E0A8F050} = {F09417BC-393B-4DF0-9DE4-02604E8136E4}
		{D3B284C4-5E49-4109-AC02-3440FC9B7A1F} = {CA9E2383-0E27-4018-9723-183AC5FC2F18}
		{EFADF3B0-F50A-4546-A591-44CCB417A72D} = {F09417BC-393B-4DF0-9DE4-02604E8136E4}
		{23B60C52-7336-4F6D-A54F-8158D50A60D3} = {F09417BC-393B-4DF0-9DE4-02604E8136E4}
		{77089DAF-B8D3-43C3-BDF6-F3022B104860} = {98097411-AAF1-4A6A-95E5-13A406718B98}
		{0C3A686D-B6CB-4C38-878C-D93F0EEEE727} = {F09417BC-393B-4DF0-9DE4-02604E8136E4}
		{383B072D-7C1C-4BC8-AD7A-D7A2D1B01E9B} = {85DB9661-AB4B-4840-BC9A-A6E7E18FC217}
		{34F6C779-D57B-41BB-9642-6E24FDBC726F} = {F09417BC-393B-4DF0-9DE4-02604E8136E4}
		{547CCCBE-2A5F-4F75-923D-0113A0A71C8D} = {CA9E2383-0E27-4018-9723-183AC5FC2F18}
		{9DEF6273-BBF3-42F3-8875-15537E063070} = {CA9E2383-0E27-4018-9723-183AC5FC2F18}
		{AABCF799-353A-40FD-9A67-B4052303AA2C} = {CA9E2383-0E27-4018-9723-183AC5FC2F18}
		{8B888DF2-D543-4077-9502-AEB586E8A571} = {CA9E2383-0E27-4018-9723-183AC5FC2F18}
		{02568EA2-88E6-4707-A4FC-300ED743A6B2} = {F09417BC-393B-4DF0-9DE4-02604E8136E4}
		{6BDA3973-F9B3-455E-88E8-5C6506CDADA6} = {CA9E2383-0E27-4018-9723-183AC5FC2F18}
		{7586A90F-8732-4A4B-873B-78780787BC94} = {CA9E2383-0E27-4018-9723-183AC5FC2F18}
		{6A54C5E7-640B-4366-8624-4041C3B365EE} = {CA9E2383-0E27-4018-9723-183AC5FC2F18}
		{A70CC72B-93A1-4C8F-9A76-739CDA922F89} = {F09417BC-393B-4DF0-9DE4-02604E8136E4}
		{22CD08DE-C757-4C32-A690-63B919CC57FE} = {CA9E2383-0E27-4018-9723-183AC5FC2F18}
		{ECC2ACAF-B9F6-4445-93F2-8D49C6EAE3DE} = {CA9E2383-0E27-4018-9723-183AC5FC2F18}
		{4AAD7ABE-FAF0-4D85-9503-C74F226F5C0C} = {CA9E2383-0E27-4018-9723-183AC5FC2F18}
	EndGlobalSection
	GlobalSection(ExtensibilityGlobals) = postSolution
		SolutionGuid = {A6BBC0BD-A5F6-44C4-B7A6-7FAD6289890C}
	EndGlobalSection
EndGlobal
